<?xml version="1.0" encoding="utf-8"?>
<Project ToolsVersion="4.0" xmlns="http://schemas.microsoft.com/developer/msbuild/2003">
  <ItemGroup>
    <Filter Include="99.default">
      <UniqueIdentifier>{5294b26e-3019-41e0-ae33-1b5c92e0d033}</UniqueIdentifier>
    </Filter>
    <Filter Include="98.Headers">
      <UniqueIdentifier>{912e9e5d-4b6f-47e5-bd68-eebe0edcd60d}</UniqueIdentifier>
    </Filter>
    <Filter Include="90.Manager">
      <UniqueIdentifier>{95192932-d989-4b8a-a97a-151a4ceb82b6}</UniqueIdentifier>
    </Filter>
    <Filter Include="00.WinMain">
      <UniqueIdentifier>{5f3bb5cd-7765-4742-8ee8-69ed4177e2d7}</UniqueIdentifier>
    </Filter>
    <Filter Include="01.MainGame">
      <UniqueIdentifier>{31cd8225-b439-425e-9111-e505279e2815}</UniqueIdentifier>
    </Filter>
    <Filter Include="10.GameObject">
      <UniqueIdentifier>{18de821b-5a29-41e0-8dc9-2d1d31505bae}</UniqueIdentifier>
    </Filter>
    <Filter Include="98.Headers\00.UserHeaders">
      <UniqueIdentifier>{603ef83f-4637-4b82-9467-a1729c20b667}</UniqueIdentifier>
    </Filter>
    <Filter Include="90.Manager\00.FactoryPattern">
      <UniqueIdentifier>{d3cc2a6d-8c0d-4ef1-8f53-2455b2536872}</UniqueIdentifier>
    </Filter>
    <Filter Include="90.Manager\01.ObjectManager">
      <UniqueIdentifier>{3d295e8f-3132-46fa-a00f-caee4a8a89a1}</UniqueIdentifier>
    </Filter>
    <Filter Include="90.Manager\03.CollisionManager">
      <UniqueIdentifier>{0774e766-749a-4bb6-890b-dd7e8f3f7325}</UniqueIdentifier>
    </Filter>
    <Filter Include="90.Manager\04.LineManager">
      <UniqueIdentifier>{84f7f8cf-e7c6-4b5c-a484-09230aff22c4}</UniqueIdentifier>
    </Filter>
    <Filter Include="90.Manager\05.BmpManager">
      <UniqueIdentifier>{9c5b55eb-e92c-4c41-b86a-931412b6d39e}</UniqueIdentifier>
    </Filter>
    <Filter Include="90.Manager\06.SceneManager">
      <UniqueIdentifier>{b565743c-bddf-4a34-bceb-3d7a5b2eec4e}</UniqueIdentifier>
    </Filter>
    <Filter Include="90.Manager\05.BmpManager\00.MyBmp">
      <UniqueIdentifier>{d4e0797f-bf29-41be-afcd-b7c41c0c4af5}</UniqueIdentifier>
    </Filter>
    <Filter Include="90.Manager\06.SceneManager\00.Scene">
      <UniqueIdentifier>{76a4a761-eab9-432a-8c00-8cc07899abe0}</UniqueIdentifier>
    </Filter>
    <Filter Include="90.Manager\06.SceneManager\03.Stage">
      <UniqueIdentifier>{460df9b5-e5ff-4295-92f1-6d6e730613f2}</UniqueIdentifier>
    </Filter>
    <Filter Include="90.Manager\06.SceneManager\04.Stage2">
      <UniqueIdentifier>{cd68f7cf-4848-477d-a088-5b1648855e33}</UniqueIdentifier>
    </Filter>
    <Filter Include="90.Manager\06.SceneManager\01.Logo">
      <UniqueIdentifier>{dca6aa6e-ccad-44e1-bf0d-f1cbc2dc5a8f}</UniqueIdentifier>
    </Filter>
    <Filter Include="90.Manager\06.SceneManager\02.Title">
      <UniqueIdentifier>{eb67d743-7af1-43fe-b262-ea4b4625d562}</UniqueIdentifier>
    </Filter>
    <Filter Include="90.Manager\04.LineManager\00.LineManager">
      <UniqueIdentifier>{060b107a-ca58-4beb-ba08-0263f3f45a7c}</UniqueIdentifier>
    </Filter>
    <Filter Include="90.Manager\06.SceneManager\EditMap">
      <UniqueIdentifier>{eafe8af8-e3a8-4029-904d-2e66476bad6c}</UniqueIdentifier>
    </Filter>
    <Filter Include="10.GameObject\00.BackGround">
      <UniqueIdentifier>{1e660125-80ce-4568-b49a-33238c0d38db}</UniqueIdentifier>
    </Filter>
    <Filter Include="10.GameObject\01.Terrain">
      <UniqueIdentifier>{45c02e50-a156-45e2-bb6c-5ffb9e726c54}</UniqueIdentifier>
    </Filter>
    <Filter Include="10.GameObject\02.Tile">
      <UniqueIdentifier>{d29ec909-6b1a-43dc-8916-9b47aba8e560}</UniqueIdentifier>
    </Filter>
    <Filter Include="10.GameObject\03.Player">
      <UniqueIdentifier>{48fa74f7-2a80-437b-b63b-39cf4fc55a04}</UniqueIdentifier>
    </Filter>
    <Filter Include="10.GameObject\04.Monster">
      <UniqueIdentifier>{57ee4e99-4d30-4498-9c1e-6a665edb7d0b}</UniqueIdentifier>
    </Filter>
    <Filter Include="90.Manager\02KeyManager">
      <UniqueIdentifier>{2527a9fb-5bb0-4ed2-bdd0-7ce89d8f26a5}</UniqueIdentifier>
    </Filter>
    <Filter Include="10.GameObject\03.Player\00.AfterImage">
      <UniqueIdentifier>{d7e116b4-96a7-4413-a52f-bd1796b885e5}</UniqueIdentifier>
    </Filter>
    <Filter Include="90.Manager\03.CollisionManager\00.DetectManager">
      <UniqueIdentifier>{1d7363d1-32ce-4630-9ba6-7972b527a638}</UniqueIdentifier>
    </Filter>
    <Filter Include="10.GameObject\05.Bullet">
      <UniqueIdentifier>{962bea00-ea2a-45ff-a090-81a6e6a3d750}</UniqueIdentifier>
    </Filter>
    <Filter Include="10.GameObject\04.Monster\Pomp">
      <UniqueIdentifier>{a0e8e9e8-ea94-4cfc-be43-14239412761c}</UniqueIdentifier>
    </Filter>
    <Filter Include="10.GameObject\04.Monster\Grunt">
      <UniqueIdentifier>{1d654ab6-5895-4db6-96e4-50848d7f45fe}</UniqueIdentifier>
    </Filter>
    <Filter Include="10.GameObject\04.Monster\Gunster">
      <UniqueIdentifier>{7434871c-7378-4220-8daf-13c453392599}</UniqueIdentifier>
    </Filter>
    <Filter Include="10.GameObject\08.Door">
      <UniqueIdentifier>{916b1148-08cc-45fb-8d92-db4ddad32d24}</UniqueIdentifier>
    </Filter>
    <Filter Include="10.GameObject\07.Trap">
      <UniqueIdentifier>{056c5dc4-025d-4023-b4b9-53ce7d59bf13}</UniqueIdentifier>
    </Filter>
    <Filter Include="10.GameObject\07.Trap\00.Fan">
      <UniqueIdentifier>{25e78b6d-97b2-4b20-96b8-051e7631bbd1}</UniqueIdentifier>
    </Filter>
    <Filter Include="10.GameObject\06.UI">
      <UniqueIdentifier>{327e3aa2-93b7-4d1d-89a4-ec8108906cb1}</UniqueIdentifier>
    </Filter>
    <Filter Include="10.GameObject\07.Trap\01.Laser">
      <UniqueIdentifier>{dfe0824e-f64b-4ed7-b7d7-586cf32f081d}</UniqueIdentifier>
    </Filter>
    <Filter Include="90.Manager\06.SceneManager\05.BossStage1">
      <UniqueIdentifier>{2f3d9f72-8131-4a7a-9e81-1dc84e2f4577}</UniqueIdentifier>
    </Filter>
    <Filter Include="90.Manager\06.SceneManager\06.BossStage2">
      <UniqueIdentifier>{4d166fba-e2d5-4903-bec0-ac0769b179e9}</UniqueIdentifier>
    </Filter>
    <Filter Include="10.GameObject\09.Blood">
      <UniqueIdentifier>{e58c4bc7-913b-4253-8e65-93fd6d5bb6eb}</UniqueIdentifier>
    </Filter>
  </ItemGroup>
  <ItemGroup>
    <ClInclude Include="Resource.h">
      <Filter>99.default</Filter>
    </ClInclude>
    <ClInclude Include="targetver.h">
      <Filter>99.default</Filter>
    </ClInclude>
    <ClInclude Include="stdafx.h">
      <Filter>98.Headers</Filter>
    </ClInclude>
    <ClInclude Include="Frame2.h">
      <Filter>00.WinMain</Filter>
    </ClInclude>
    <ClInclude Include="MainGame.h">
      <Filter>01.MainGame</Filter>
    </ClInclude>
    <ClInclude Include="Define.h">
      <Filter>98.Headers\00.UserHeaders</Filter>
    </ClInclude>
    <ClInclude Include="Struct.h">
      <Filter>98.Headers\00.UserHeaders</Filter>
    </ClInclude>
    <ClInclude Include="Enum.h">
      <Filter>98.Headers\00.UserHeaders</Filter>
    </ClInclude>
    <ClInclude Include="Extern.h">
      <Filter>98.Headers\00.UserHeaders</Filter>
    </ClInclude>
    <ClInclude Include="Function.h">
      <Filter>98.Headers\00.UserHeaders</Filter>
    </ClInclude>
    <ClInclude Include="Typedef.h">
      <Filter>98.Headers\00.UserHeaders</Filter>
    </ClInclude>
    <ClInclude Include="GameObject.h">
      <Filter>10.GameObject</Filter>
    </ClInclude>
    <ClInclude Include="ObjFactory.h">
      <Filter>90.Manager\00.FactoryPattern</Filter>
    </ClInclude>
    <ClInclude Include="Player.h">
      <Filter>10.GameObject\03.Player</Filter>
    </ClInclude>
    <ClInclude Include="ObjectManager.h">
      <Filter>90.Manager\01.ObjectManager</Filter>
    </ClInclude>
    <ClInclude Include="KeyManager.h">
      <Filter>90.Manager\02KeyManager</Filter>
    </ClInclude>
    <ClInclude Include="BmpManager.h">
      <Filter>90.Manager\05.BmpManager</Filter>
    </ClInclude>
    <ClInclude Include="MyBmp.h">
      <Filter>90.Manager\05.BmpManager\00.MyBmp</Filter>
    </ClInclude>
    <ClInclude Include="SceneManager.h">
      <Filter>90.Manager\06.SceneManager</Filter>
    </ClInclude>
    <ClInclude Include="Scene.h">
      <Filter>90.Manager\06.SceneManager\00.Scene</Filter>
    </ClInclude>
    <ClInclude Include="Logo.h">
      <Filter>90.Manager\06.SceneManager\01.Logo</Filter>
    </ClInclude>
    <ClInclude Include="Title.h">
      <Filter>90.Manager\06.SceneManager\02.Title</Filter>
    </ClInclude>
    <ClInclude Include="Line.h">
      <Filter>90.Manager\04.LineManager</Filter>
    </ClInclude>
    <ClInclude Include="Stage1.h">
      <Filter>90.Manager\06.SceneManager\03.Stage</Filter>
    </ClInclude>
    <ClInclude Include="Terrain.h">
      <Filter>10.GameObject\01.Terrain</Filter>
    </ClInclude>
    <ClInclude Include="MyEdit.h">
      <Filter>90.Manager\06.SceneManager\EditMap</Filter>
    </ClInclude>
    <ClInclude Include="BackGround.h">
      <Filter>10.GameObject\00.BackGround</Filter>
    </ClInclude>
    <ClInclude Include="CollisionManager.h">
      <Filter>90.Manager\03.CollisionManager</Filter>
    </ClInclude>
    <ClInclude Include="LineManager.h">
      <Filter>90.Manager\04.LineManager</Filter>
    </ClInclude>
    <ClInclude Include="Tile.h">
      <Filter>10.GameObject\02.Tile</Filter>
    </ClInclude>
    <ClInclude Include="AfterImage.h">
      <Filter>10.GameObject\03.Player\00.AfterImage</Filter>
    </ClInclude>
    <ClInclude Include="Monster.h">
      <Filter>10.GameObject\04.Monster</Filter>
    </ClInclude>
    <ClInclude Include="Bullet.h">
      <Filter>10.GameObject\05.Bullet</Filter>
    </ClInclude>
    <ClInclude Include="CameraMgr.h">
      <Filter>10.GameObject\06.UI</Filter>
    </ClInclude>
    <ClInclude Include="Grunt.h">
      <Filter>10.GameObject\04.Monster\Grunt</Filter>
    </ClInclude>
    <ClInclude Include="Gunster.h">
      <Filter>10.GameObject\04.Monster\Gunster</Filter>
    </ClInclude>
    <ClInclude Include="Pomp.h">
      <Filter>10.GameObject\04.Monster\Pomp</Filter>
    </ClInclude>
    <ClInclude Include="Door.h">
      <Filter>10.GameObject\08.Door</Filter>
    </ClInclude>
    <ClInclude Include="DetectManager.h">
      <Filter>90.Manager\03.CollisionManager\00.DetectManager</Filter>
    </ClInclude>
    <ClInclude Include="Stage2.h">
      <Filter>90.Manager\06.SceneManager\04.Stage2</Filter>
    </ClInclude>
    <ClInclude Include="Fan.h">
      <Filter>10.GameObject\07.Trap\00.Fan</Filter>
    </ClInclude>
    <ClInclude Include="UserInterface.h">
      <Filter>10.GameObject\06.UI</Filter>
    </ClInclude>
    <ClInclude Include="LaserTrap.h" />
    <ClInclude Include="BossScene1.h" />
    <ClInclude Include="Blood.h" />
  </ItemGroup>
  <ItemGroup>
    <ClCompile Include="Frame2.cpp">
      <Filter>00.WinMain</Filter>
    </ClCompile>
    <ClCompile Include="stdafx.cpp">
      <Filter>99.default</Filter>
    </ClCompile>
    <ClCompile Include="MainGame.cpp">
      <Filter>01.MainGame</Filter>
    </ClCompile>
    <ClCompile Include="GameObject.cpp">
      <Filter>10.GameObject</Filter>
    </ClCompile>
    <ClCompile Include="Player.cpp">
      <Filter>10.GameObject\03.Player</Filter>
    </ClCompile>
    <ClCompile Include="ObjectManager.cpp">
      <Filter>90.Manager\01.ObjectManager</Filter>
    </ClCompile>
    <ClCompile Include="KeyManager.cpp">
      <Filter>90.Manager\02KeyManager</Filter>
    </ClCompile>
    <ClCompile Include="BmpManager.cpp">
      <Filter>90.Manager\05.BmpManager</Filter>
    </ClCompile>
    <ClCompile Include="MyBmp.cpp">
      <Filter>90.Manager\05.BmpManager\00.MyBmp</Filter>
    </ClCompile>
    <ClCompile Include="SceneManager.cpp">
      <Filter>90.Manager\06.SceneManager</Filter>
    </ClCompile>
    <ClCompile Include="Scene.cpp">
      <Filter>90.Manager\06.SceneManager\00.Scene</Filter>
    </ClCompile>
    <ClCompile Include="Logo.cpp">
      <Filter>90.Manager\06.SceneManager\01.Logo</Filter>
    </ClCompile>
    <ClCompile Include="Title.cpp">
      <Filter>90.Manager\06.SceneManager\02.Title</Filter>
    </ClCompile>
    <ClCompile Include="Line.cpp">
      <Filter>90.Manager\04.LineManager</Filter>
    </ClCompile>
    <ClCompile Include="Stage1.cpp">
      <Filter>90.Manager\06.SceneManager\03.Stage</Filter>
    </ClCompile>
    <ClCompile Include="Terrain.cpp">
      <Filter>10.GameObject\01.Terrain</Filter>
    </ClCompile>
    <ClCompile Include="MyEdit.cpp">
      <Filter>90.Manager\06.SceneManager\EditMap</Filter>
    </ClCompile>
    <ClCompile Include="BackGround.cpp">
      <Filter>10.GameObject\00.BackGround</Filter>
    </ClCompile>
    <ClCompile Include="CollisionManager.cpp">
      <Filter>90.Manager\03.CollisionManager</Filter>
    </ClCompile>
    <ClCompile Include="LineManager.cpp">
      <Filter>90.Manager\04.LineManager</Filter>
    </ClCompile>
    <ClCompile Include="Tile.cpp">
      <Filter>10.GameObject\02.Tile</Filter>
    </ClCompile>
    <ClCompile Include="AfterImage.cpp">
      <Filter>10.GameObject\03.Player\00.AfterImage</Filter>
    </ClCompile>
    <ClCompile Include="Monster.cpp">
      <Filter>10.GameObject\04.Monster</Filter>
    </ClCompile>
    <ClCompile Include="Bullet.cpp">
      <Filter>10.GameObject\05.Bullet</Filter>
    </ClCompile>
    <ClCompile Include="CameraMgr.cpp">
      <Filter>10.GameObject\06.UI</Filter>
    </ClCompile>
    <ClCompile Include="Grunt.cpp">
      <Filter>10.GameObject\04.Monster\Grunt</Filter>
    </ClCompile>
    <ClCompile Include="Pomp.cpp">
      <Filter>10.GameObject\04.Monster\Grunt</Filter>
    </ClCompile>
    <ClCompile Include="Gunster.cpp">
      <Filter>10.GameObject\04.Monster\Gunster</Filter>
    </ClCompile>
    <ClCompile Include="Door.cpp">
      <Filter>10.GameObject\08.Door</Filter>
    </ClCompile>
    <ClCompile Include="DetectManager.cpp">
      <Filter>90.Manager\03.CollisionManager\00.DetectManager</Filter>
    </ClCompile>
    <ClCompile Include="Stage2.cpp">
      <Filter>90.Manager\06.SceneManager\04.Stage2</Filter>
    </ClCompile>
    <ClCompile Include="Fan.cpp">
      <Filter>10.GameObject\07.Trap\00.Fan</Filter>
    </ClCompile>
    <ClCompile Include="UserInterface.cpp">
      <Filter>10.GameObject\06.UI</Filter>
    </ClCompile>
    <ClCompile Include="LaserTrap.cpp" />
    <ClCompile Include="BossScene1.cpp" />
    <ClCompile Include="Blood.cpp" />
  </ItemGroup>
  <ItemGroup>
    <Image Include="Frame2.ico">
      <Filter>99.default</Filter>
    </Image>
    <Image Include="small.ico">
      <Filter>99.default</Filter>
    </Image>
  </ItemGroup>
  <ItemGroup>
    <ResourceCompile Include="Frame2.rc">
      <Filter>99.default</Filter>
    </ResourceCompile>
  </ItemGroup>
  <ItemGroup>
    <Text Include="ReadMe.txt">
      <Filter>99.default</Filter>
    </Text>
  </ItemGroup>
</Project>